
Microsoft Visual Studio Solution File, Format Version 12.00
# Visual Studio Version 17
VisualStudioVersion = 17.11.35312.102
MinimumVisualStudioVersion = 10.0.40219.1
Project("{FAE04EC0-301F-11D3-BF4B-00C04F79EFBC}") = "TrayLink", "TrayLink\TrayLink.csproj", "{5889E41A-B376-437E-AA54-27FDEB918C1D}"
EndProject
Global
	GlobalSection(SolutionConfigurationPlatforms) = preSolution
		Debug|Any CPU = Debug|Any CPU
		Release|Any CPU = Release|Any CPU
	EndGlobalSection
	GlobalSection(ProjectConfigurationPlatforms) = postSolution
		{5889E41A-B376-437E-AA54-27FDEB918C1D}.Debug|Any CPU.ActiveCfg = Debug|Any CPU
		{5889E41A-B376-437E-AA54-27FDEB918C1D}.Debug|Any CPU.Build.0 = Debug|Any CPU
		{5889E41A-B376-437E-AA54-27FDEB918C1D}.Release|Any CPU.ActiveCfg = Release|Any CPU
		{5889E41A-B376-437E-AA54-27FDEB918C1D}.Release|Any CPU.Build.0 = Release|Any CPU
	EndGlobalSection
	GlobalSection(SolutionProperties) = preSolution
		HideSolutionNode = FALSE
	EndGlobalSection
	GlobalSection(ExtensibilityGlobals) = postSolution
		SolutionGuid = {468BEFEB-A3C9-4A17-8933-59350F24C2CE}
	EndGlobalSection
EndGlobal
